
Microsoft Visual Studio Solution File, Format Version 11.00
# Visual Studio 2010
Project("{FAE04EC0-301F-11D3-BF4B-00C04F79EFBC}") = "OpenLawOffice.Server.Core", "OpenLawOffice.Server.Core\OpenLawOffice.Server.Core.csproj", "{13E362D3-81BF-415A-B04B-9DBDF21D90ED}"
EndProject
Project("{FAE04EC0-301F-11D3-BF4B-00C04F79EFBC}") = "OpenLawOffice.Server.Web", "OpenLawOffice.Server.Web\OpenLawOffice.Server.Web.csproj", "{4C991F6D-D467-46CA-9BB0-20CCD9633290}"
EndProject
Project("{FAE04EC0-301F-11D3-BF4B-00C04F79EFBC}") = "OpenLawOffice.Common", "..\OpenLawOffice.Common\OpenLawOffice.Common.csproj", "{042206B5-2D13-42E0-B1B9-30254952BACA}"
EndProject
Global
	GlobalSection(SolutionConfigurationPlatforms) = preSolution
		Debug|Any CPU = Debug|Any CPU
		Release|Any CPU = Release|Any CPU
	EndGlobalSection
	GlobalSection(ProjectConfigurationPlatforms) = postSolution
		{13E362D3-81BF-415A-B04B-9DBDF21D90ED}.Debug|Any CPU.ActiveCfg = Debug|Any CPU
		{13E362D3-81BF-415A-B04B-9DBDF21D90ED}.Debug|Any CPU.Build.0 = Debug|Any CPU
		{13E362D3-81BF-415A-B04B-9DBDF21D90ED}.Release|Any CPU.ActiveCfg = Release|Any CPU
		{13E362D3-81BF-415A-B04B-9DBDF21D90ED}.Release|Any CPU.Build.0 = Release|Any CPU
		{4C991F6D-D467-46CA-9BB0-20CCD9633290}.Debug|Any CPU.ActiveCfg = Debug|Any CPU
		{4C991F6D-D467-46CA-9BB0-20CCD9633290}.Debug|Any CPU.Build.0 = Debug|Any CPU
		{4C991F6D-D467-46CA-9BB0-20CCD9633290}.Release|Any CPU.ActiveCfg = Release|Any CPU
		{4C991F6D-D467-46CA-9BB0-20CCD9633290}.Release|Any CPU.Build.0 = Release|Any CPU
		{042206B5-2D13-42E0-B1B9-30254952BACA}.Debug|Any CPU.ActiveCfg = Debug|Any CPU
		{042206B5-2D13-42E0-B1B9-30254952BACA}.Debug|Any CPU.Build.0 = Debug|Any CPU
		{042206B5-2D13-42E0-B1B9-30254952BACA}.Release|Any CPU.ActiveCfg = Release|Any CPU
		{042206B5-2D13-42E0-B1B9-30254952BACA}.Release|Any CPU.Build.0 = Release|Any CPU
	EndGlobalSection
	GlobalSection(SolutionProperties) = preSolution
		HideSolutionNode = FALSE
	EndGlobalSection
EndGlobal
