
Microsoft Visual Studio Solution File, Format Version 11.00
# Visual Studio 2010
Project("{FAE04EC0-301F-11D3-BF4B-00C04F79EFBC}") = "OpenLawOffice.Common", "..\OpenLawOffice.Common\OpenLawOffice.Common.csproj", "{042206B5-2D13-42E0-B1B9-30254952BACA}"
EndProject
Project("{FAE04EC0-301F-11D3-BF4B-00C04F79EFBC}") = "OpenLawOffice.WebClient", "..\OpenLawOffice.WebClient\OpenLawOffice.WebClient.csproj", "{7AFFDB3F-08D6-40DE-BBF2-4A4158995CE6}"
EndProject
Global
	GlobalSection(SolutionConfigurationPlatforms) = preSolution
		Debug|Any CPU = Debug|Any CPU
		Release|Any CPU = Release|Any CPU
	EndGlobalSection
	GlobalSection(ProjectConfigurationPlatforms) = postSolution
		{042206B5-2D13-42E0-B1B9-30254952BACA}.Debug|Any CPU.ActiveCfg = Debug|Any CPU
		{042206B5-2D13-42E0-B1B9-30254952BACA}.Debug|Any CPU.Build.0 = Debug|Any CPU
		{042206B5-2D13-42E0-B1B9-30254952BACA}.Release|Any CPU.ActiveCfg = Release|Any CPU
		{042206B5-2D13-42E0-B1B9-30254952BACA}.Release|Any CPU.Build.0 = Release|Any CPU
		{7AFFDB3F-08D6-40DE-BBF2-4A4158995CE6}.Debug|Any CPU.ActiveCfg = Debug|Any CPU
		{7AFFDB3F-08D6-40DE-BBF2-4A4158995CE6}.Debug|Any CPU.Build.0 = Debug|Any CPU
		{7AFFDB3F-08D6-40DE-BBF2-4A4158995CE6}.Release|Any CPU.ActiveCfg = Release|Any CPU
		{7AFFDB3F-08D6-40DE-BBF2-4A4158995CE6}.Release|Any CPU.Build.0 = Release|Any CPU
	EndGlobalSection
	GlobalSection(SolutionProperties) = preSolution
		HideSolutionNode = FALSE
	EndGlobalSection
EndGlobal
